
Microsoft Visual Studio Solution File, Format Version 12.00
# Visual Studio 15
VisualStudioVersion = 15.0.27428.2027
MinimumVisualStudioVersion = 10.0.40219.1
Project("{FAE04EC0-301F-11D3-BF4B-00C04F79EFBC}") = "BetonQuest Editor Seasonal", "BetonQuest Editor Seasonal\BetonQuest Editor Seasonal.csproj", "{53BED3E4-676C-4036-8747-378B0E651437}"
EndProject
Global
	GlobalSection(SolutionConfigurationPlatforms) = preSolution
		Debug|Any CPU = Debug|Any CPU
		Release|Any CPU = Release|Any CPU
	EndGlobalSection
	GlobalSection(ProjectConfigurationPlatforms) = postSolution
		{53BED3E4-676C-4036-8747-378B0E651437}.Debug|Any CPU.ActiveCfg = Debug|Any CPU
		{53BED3E4-676C-4036-8747-378B0E651437}.Debug|Any CPU.Build.0 = Debug|Any CPU
		{53BED3E4-676C-4036-8747-378B0E651437}.Release|Any CPU.ActiveCfg = Release|Any CPU
		{53BED3E4-676C-4036-8747-378B0E651437}.Release|Any CPU.Build.0 = Release|Any CPU
	EndGlobalSection
	GlobalSection(SolutionProperties) = preSolution
		HideSolutionNode = FALSE
	EndGlobalSection
	GlobalSection(ExtensibilityGlobals) = postSolution
		SolutionGuid = {F1FC1E14-68AD-4D22-B85F-4E3514A43F17}
	EndGlobalSection
EndGlobal
